
Microsoft Visual Studio Solution File, Format Version 12.00
# Visual Studio Version 17
VisualStudioVersion = 17.11.35303.130
MinimumVisualStudioVersion = 10.0.40219.1
Project("{2150E333-8FDC-42A3-9474-1A3956D46DE8}") = "Task0", "Task0", "{3AE1631D-0BC4-4452-9B49-DDDD042BCF40}"
EndProject
Project("{FAE04EC0-301F-11D3-BF4B-00C04F79EFBC}") = "Tyuiu.TimoninIA.Sprint0.Task0.V0", "Tyuiu.TimoninIA.Sprint0.Task0.V0\Tyuiu.TimoninIA.Sprint0.Task0.V0.csproj", "{EF1F6A35-C29F-47F4-BE35-9503FAF951D7}"
EndProject
Global
	GlobalSection(SolutionConfigurationPlatforms) = preSolution
		Debug|Any CPU = Debug|Any CPU
		Release|Any CPU = Release|Any CPU
	EndGlobalSection
	GlobalSection(ProjectConfigurationPlatforms) = postSolution
		{EF1F6A35-C29F-47F4-BE35-9503FAF951D7}.Debug|Any CPU.ActiveCfg = Debug|Any CPU
		{EF1F6A35-C29F-47F4-BE35-9503FAF951D7}.Debug|Any CPU.Build.0 = Debug|Any CPU
		{EF1F6A35-C29F-47F4-BE35-9503FAF951D7}.Release|Any CPU.ActiveCfg = Release|Any CPU
		{EF1F6A35-C29F-47F4-BE35-9503FAF951D7}.Release|Any CPU.Build.0 = Release|Any CPU
	EndGlobalSection
	GlobalSection(SolutionProperties) = preSolution
		HideSolutionNode = FALSE
	EndGlobalSection
	GlobalSection(NestedProjects) = preSolution
		{EF1F6A35-C29F-47F4-BE35-9503FAF951D7} = {3AE1631D-0BC4-4452-9B49-DDDD042BCF40}
	EndGlobalSection
	GlobalSection(ExtensibilityGlobals) = postSolution
		SolutionGuid = {7F0CFB92-8C6F-4231-980E-78363D884A15}
	EndGlobalSection
EndGlobal
