
Microsoft Visual Studio Solution File, Format Version 12.00
# Visual Studio Version 17
VisualStudioVersion = 17.11.35303.130
MinimumVisualStudioVersion = 10.0.40219.1
Project("{2150E333-8FDC-42A3-9474-1A3956D46DE8}") = "Task0", "Task0", "{3AE1631D-0BC4-4452-9B49-DDDD042BCF40}"
EndProject
Project("{9A19103F-16F7-4668-BE54-9A1E7A4F7556}") = "Tyuiu.TimoninIA.Sprint0.Task0.V0", "Tyuiu.TimoninIA.Sprint0.Task0.V0\Tyuiu.TimoninIA.Sprint0.Task0.V0.csproj", "{EF1F6A35-C29F-47F4-BE35-9503FAF951D7}"
EndProject
Project("{2150E333-8FDC-42A3-9474-1A3956D46DE8}") = "Task1", "Task1", "{76A76EF4-B3B3-47AF-B75C-7AE11CD2C70B}"
EndProject
Project("{9A19103F-16F7-4668-BE54-9A1E7A4F7556}") = "Tyuiu.TimoninIA.Sprint0.Task1.V0", "Tyuiu.TimoninIA.Sprint0.Task1.V0\Tyuiu.TimoninIA.Sprint0.Task1.V0.csproj", "{69400DD4-0172-4CFF-8594-6C0817E2F698}"
EndProject
Project("{2150E333-8FDC-42A3-9474-1A3956D46DE8}") = "Task2", "Task2", "{8BBC5A31-F8BA-41D0-B2A1-7B019155C583}"
EndProject
Project("{9A19103F-16F7-4668-BE54-9A1E7A4F7556}") = "Tyuiu.TimoninIA.Sprint0.Task2.V0", "Tyuiu.TimoninIA.Sprint0.Task2.V0\Tyuiu.TimoninIA.Sprint0.Task2.V0.csproj", "{6DC349EB-DF86-4E64-A6F1-22106F37D4FB}"
EndProject
Project("{9A19103F-16F7-4668-BE54-9A1E7A4F7556}") = "Tyuiu.TimoninIA.Sprint0.Task2.V0.Lib", "Tyuiu.TimoninIA.Sprint0.Task2.V0.Lib\Tyuiu.TimoninIA.Sprint0.Task2.V0.Lib.csproj", "{7A18DE5B-3749-43FB-9245-82E37C9F4BBD}"
EndProject
Project("{9A19103F-16F7-4668-BE54-9A1E7A4F7556}") = "Tyuiu.TimoninIA.Sprint0.Task2.V0.Test", "Tyuiu.TimoninIA.Sprint0.Task2.V0.Test\Tyuiu.TimoninIA.Sprint0.Task2.V0.Test.csproj", "{499DE80E-F88F-4674-B33D-FA61D3093DE3}"
EndProject
Project("{2150E333-8FDC-42A3-9474-1A3956D46DE8}") = "Task3", "Task3", "{E9723141-6E64-49BC-B489-69B1B98A8750}"
EndProject
Project("{9A19103F-16F7-4668-BE54-9A1E7A4F7556}") = "Tyuiu.TimoninIA.Sprint0.Task3.V0", "Tyuiu.TimoninIA.Sprint0.Task3.V0\Tyuiu.TimoninIA.Sprint0.Task3.V0.csproj", "{069E88FB-8F06-4475-BE54-1A5810818019}"
EndProject
Project("{9A19103F-16F7-4668-BE54-9A1E7A4F7556}") = "Tyuiu.TimoninIA.Sprint0.Task3.V0.Lib", "Tyuiu.TimoninIA.Sprint0.Task3.V0.Lib\Tyuiu.TimoninIA.Sprint0.Task3.V0.Lib.csproj", "{2FD25585-C51B-48E3-964E-AC852891B312}"
EndProject
Project("{9A19103F-16F7-4668-BE54-9A1E7A4F7556}") = "Tyuiu.TimoninIA.Sprint0.Task3.V0.Test", "Tyuiu.TimoninIA.Sprint0.Task3.V0.Test\Tyuiu.TimoninIA.Sprint0.Task3.V0.Test.csproj", "{4421802E-3972-4205-857A-CD9DC4C15741}"
EndProject
Project("{2150E333-8FDC-42A3-9474-1A3956D46DE8}") = "Task4", "Task4", "{FF3F9367-62A2-4159-9AB2-5081BC3D81A4}"
EndProject
Project("{FAE04EC0-301F-11D3-BF4B-00C04F79EFBC}") = "Tyuiu.TimoninIA.Sprint0.Task4.V0", "Tyuiu.TimoninIA.Sprint0.Task4.V0\Tyuiu.TimoninIA.Sprint0.Task4.V0.csproj", "{AF3D834B-9D2C-4C7A-A26C-810797C5B645}"
EndProject
Project("{FAE04EC0-301F-11D3-BF4B-00C04F79EFBC}") = "Tyuiu.TimoninIA.Sprint0.Task4.V0.Test", "Tyuiu.TimoninIA.Sprint0.Task4.V0.Test\Tyuiu.TimoninIA.Sprint0.Task4.V0.Test.csproj", "{CA788C3A-3457-4679-92C9-3BC8A7341DB4}"
EndProject
Project("{FAE04EC0-301F-11D3-BF4B-00C04F79EFBC}") = "Tyuiu.TimoninIA.Sprint0.Task4.V0.Lib", "Tyuiu.TimoninIA.Sprint0.Task4.V0.Lib\Tyuiu.TimoninIA.Sprint0.Task4.V0.Lib.csproj", "{DBD55C50-CA08-4E5D-88FB-0A8DBAA94DEE}"
EndProject
Global
	GlobalSection(SolutionConfigurationPlatforms) = preSolution
		Debug|Any CPU = Debug|Any CPU
		Release|Any CPU = Release|Any CPU
	EndGlobalSection
	GlobalSection(ProjectConfigurationPlatforms) = postSolution
		{EF1F6A35-C29F-47F4-BE35-9503FAF951D7}.Debug|Any CPU.ActiveCfg = Debug|Any CPU
		{EF1F6A35-C29F-47F4-BE35-9503FAF951D7}.Debug|Any CPU.Build.0 = Debug|Any CPU
		{EF1F6A35-C29F-47F4-BE35-9503FAF951D7}.Release|Any CPU.ActiveCfg = Release|Any CPU
		{EF1F6A35-C29F-47F4-BE35-9503FAF951D7}.Release|Any CPU.Build.0 = Release|Any CPU
		{69400DD4-0172-4CFF-8594-6C0817E2F698}.Debug|Any CPU.ActiveCfg = Debug|Any CPU
		{69400DD4-0172-4CFF-8594-6C0817E2F698}.Debug|Any CPU.Build.0 = Debug|Any CPU
		{69400DD4-0172-4CFF-8594-6C0817E2F698}.Release|Any CPU.ActiveCfg = Release|Any CPU
		{69400DD4-0172-4CFF-8594-6C0817E2F698}.Release|Any CPU.Build.0 = Release|Any CPU
		{6DC349EB-DF86-4E64-A6F1-22106F37D4FB}.Debug|Any CPU.ActiveCfg = Debug|Any CPU
		{6DC349EB-DF86-4E64-A6F1-22106F37D4FB}.Debug|Any CPU.Build.0 = Debug|Any CPU
		{6DC349EB-DF86-4E64-A6F1-22106F37D4FB}.Release|Any CPU.ActiveCfg = Release|Any CPU
		{6DC349EB-DF86-4E64-A6F1-22106F37D4FB}.Release|Any CPU.Build.0 = Release|Any CPU
		{7A18DE5B-3749-43FB-9245-82E37C9F4BBD}.Debug|Any CPU.ActiveCfg = Debug|Any CPU
		{7A18DE5B-3749-43FB-9245-82E37C9F4BBD}.Debug|Any CPU.Build.0 = Debug|Any CPU
		{7A18DE5B-3749-43FB-9245-82E37C9F4BBD}.Release|Any CPU.ActiveCfg = Release|Any CPU
		{7A18DE5B-3749-43FB-9245-82E37C9F4BBD}.Release|Any CPU.Build.0 = Release|Any CPU
		{499DE80E-F88F-4674-B33D-FA61D3093DE3}.Debug|Any CPU.ActiveCfg = Debug|Any CPU
		{499DE80E-F88F-4674-B33D-FA61D3093DE3}.Debug|Any CPU.Build.0 = Debug|Any CPU
		{499DE80E-F88F-4674-B33D-FA61D3093DE3}.Release|Any CPU.ActiveCfg = Release|Any CPU
		{499DE80E-F88F-4674-B33D-FA61D3093DE3}.Release|Any CPU.Build.0 = Release|Any CPU
		{069E88FB-8F06-4475-BE54-1A5810818019}.Debug|Any CPU.ActiveCfg = Debug|Any CPU
		{069E88FB-8F06-4475-BE54-1A5810818019}.Debug|Any CPU.Build.0 = Debug|Any CPU
		{069E88FB-8F06-4475-BE54-1A5810818019}.Release|Any CPU.ActiveCfg = Release|Any CPU
		{069E88FB-8F06-4475-BE54-1A5810818019}.Release|Any CPU.Build.0 = Release|Any CPU
		{2FD25585-C51B-48E3-964E-AC852891B312}.Debug|Any CPU.ActiveCfg = Debug|Any CPU
		{2FD25585-C51B-48E3-964E-AC852891B312}.Debug|Any CPU.Build.0 = Debug|Any CPU
		{2FD25585-C51B-48E3-964E-AC852891B312}.Release|Any CPU.ActiveCfg = Release|Any CPU
		{2FD25585-C51B-48E3-964E-AC852891B312}.Release|Any CPU.Build.0 = Release|Any CPU
		{4421802E-3972-4205-857A-CD9DC4C15741}.Debug|Any CPU.ActiveCfg = Debug|Any CPU
		{4421802E-3972-4205-857A-CD9DC4C15741}.Debug|Any CPU.Build.0 = Debug|Any CPU
		{4421802E-3972-4205-857A-CD9DC4C15741}.Release|Any CPU.ActiveCfg = Release|Any CPU
		{4421802E-3972-4205-857A-CD9DC4C15741}.Release|Any CPU.Build.0 = Release|Any CPU
		{AF3D834B-9D2C-4C7A-A26C-810797C5B645}.Debug|Any CPU.ActiveCfg = Debug|Any CPU
		{AF3D834B-9D2C-4C7A-A26C-810797C5B645}.Debug|Any CPU.Build.0 = Debug|Any CPU
		{AF3D834B-9D2C-4C7A-A26C-810797C5B645}.Release|Any CPU.ActiveCfg = Release|Any CPU
		{AF3D834B-9D2C-4C7A-A26C-810797C5B645}.Release|Any CPU.Build.0 = Release|Any CPU
		{CA788C3A-3457-4679-92C9-3BC8A7341DB4}.Debug|Any CPU.ActiveCfg = Debug|Any CPU
		{CA788C3A-3457-4679-92C9-3BC8A7341DB4}.Debug|Any CPU.Build.0 = Debug|Any CPU
		{CA788C3A-3457-4679-92C9-3BC8A7341DB4}.Release|Any CPU.ActiveCfg = Release|Any CPU
		{CA788C3A-3457-4679-92C9-3BC8A7341DB4}.Release|Any CPU.Build.0 = Release|Any CPU
		{DBD55C50-CA08-4E5D-88FB-0A8DBAA94DEE}.Debug|Any CPU.ActiveCfg = Debug|Any CPU
		{DBD55C50-CA08-4E5D-88FB-0A8DBAA94DEE}.Debug|Any CPU.Build.0 = Debug|Any CPU
		{DBD55C50-CA08-4E5D-88FB-0A8DBAA94DEE}.Release|Any CPU.ActiveCfg = Release|Any CPU
		{DBD55C50-CA08-4E5D-88FB-0A8DBAA94DEE}.Release|Any CPU.Build.0 = Release|Any CPU
	EndGlobalSection
	GlobalSection(SolutionProperties) = preSolution
		HideSolutionNode = FALSE
	EndGlobalSection
	GlobalSection(NestedProjects) = preSolution
		{EF1F6A35-C29F-47F4-BE35-9503FAF951D7} = {3AE1631D-0BC4-4452-9B49-DDDD042BCF40}
		{69400DD4-0172-4CFF-8594-6C0817E2F698} = {76A76EF4-B3B3-47AF-B75C-7AE11CD2C70B}
		{6DC349EB-DF86-4E64-A6F1-22106F37D4FB} = {8BBC5A31-F8BA-41D0-B2A1-7B019155C583}
		{7A18DE5B-3749-43FB-9245-82E37C9F4BBD} = {8BBC5A31-F8BA-41D0-B2A1-7B019155C583}
		{499DE80E-F88F-4674-B33D-FA61D3093DE3} = {8BBC5A31-F8BA-41D0-B2A1-7B019155C583}
		{069E88FB-8F06-4475-BE54-1A5810818019} = {E9723141-6E64-49BC-B489-69B1B98A8750}
		{2FD25585-C51B-48E3-964E-AC852891B312} = {E9723141-6E64-49BC-B489-69B1B98A8750}
		{4421802E-3972-4205-857A-CD9DC4C15741} = {E9723141-6E64-49BC-B489-69B1B98A8750}
		{AF3D834B-9D2C-4C7A-A26C-810797C5B645} = {FF3F9367-62A2-4159-9AB2-5081BC3D81A4}
		{CA788C3A-3457-4679-92C9-3BC8A7341DB4} = {FF3F9367-62A2-4159-9AB2-5081BC3D81A4}
		{DBD55C50-CA08-4E5D-88FB-0A8DBAA94DEE} = {FF3F9367-62A2-4159-9AB2-5081BC3D81A4}
	EndGlobalSection
	GlobalSection(ExtensibilityGlobals) = postSolution
		SolutionGuid = {7F0CFB92-8C6F-4231-980E-78363D884A15}
	EndGlobalSection
EndGlobal
